
Microsoft Visual Studio Solution File, Format Version 12.00
# Visual Studio Version 17
VisualStudioVersion = 17.7.34018.315
MinimumVisualStudioVersion = 10.0.40219.1
Project("{FAE04EC0-301F-11D3-BF4B-00C04F79EFBC}") = "StringInterpolationNimphius", "StringInterpolationNimphius\StringInterpolationNimphius.csproj", "{DA57224F-5E84-4D92-9123-E1C069931D97}"
EndProject
Global
	GlobalSection(SolutionConfigurationPlatforms) = preSolution
		Debug|Any CPU = Debug|Any CPU
		Release|Any CPU = Release|Any CPU
	EndGlobalSection
	GlobalSection(ProjectConfigurationPlatforms) = postSolution
		{DA57224F-5E84-4D92-9123-E1C069931D97}.Debug|Any CPU.ActiveCfg = Debug|Any CPU
		{DA57224F-5E84-4D92-9123-E1C069931D97}.Debug|Any CPU.Build.0 = Debug|Any CPU
		{DA57224F-5E84-4D92-9123-E1C069931D97}.Release|Any CPU.ActiveCfg = Release|Any CPU
		{DA57224F-5E84-4D92-9123-E1C069931D97}.Release|Any CPU.Build.0 = Release|Any CPU
	EndGlobalSection
	GlobalSection(SolutionProperties) = preSolution
		HideSolutionNode = FALSE
	EndGlobalSection
	GlobalSection(ExtensibilityGlobals) = postSolution
		SolutionGuid = {E9932A85-0BAF-41A4-AC43-BD47AD0F5991}
	EndGlobalSection
EndGlobal
